// !$*UTF8*$!
{
	archiveVersion = 1;
	classes = {
	};
	objectVersion = 56;
	objects = {

/* Begin PBXBuildFile section */
		E0DDE8F02959619D009C18AE /* LessonDetailVC.swift in Sources */ = {isa = PBXBuildFile; fileRef = E0DDE8EF2959619D009C18AE /* LessonDetailVC.swift */; };
		E0DDE8F2295961B0009C18AE /* LessonDetailView.swift in Sources */ = {isa = PBXBuildFile; fileRef = E0DDE8F1295961B0009C18AE /* LessonDetailView.swift */; };
		E0DDE8F529596429009C18AE /* UIAnchor+Ext.swift in Sources */ = {isa = PBXBuildFile; fileRef = E0DDE8F429596429009C18AE /* UIAnchor+Ext.swift */; };
		E0DDE8F8295966DC009C18AE /* Kingfisher in Frameworks */ = {isa = PBXBuildFile; productRef = E0DDE8F7295966DC009C18AE /* Kingfisher */; };
		E0E0ED6A295801D000D15C4D /* VideoLessonsApp.swift in Sources */ = {isa = PBXBuildFile; fileRef = E0E0ED69295801D000D15C4D /* VideoLessonsApp.swift */; };
		E0E0ED6E295801D200D15C4D /* Assets.xcassets in Resources */ = {isa = PBXBuildFile; fileRef = E0E0ED6D295801D200D15C4D /* Assets.xcassets */; };
		E0E0ED71295801D200D15C4D /* Preview Assets.xcassets in Resources */ = {isa = PBXBuildFile; fileRef = E0E0ED70295801D200D15C4D /* Preview Assets.xcassets */; };
		E0E0ED7B295801D300D15C4D /* VideoLessonsTests.swift in Sources */ = {isa = PBXBuildFile; fileRef = E0E0ED7A295801D300D15C4D /* VideoLessonsTests.swift */; };
		E0E0ED85295801D300D15C4D /* VideoLessonsUITests.swift in Sources */ = {isa = PBXBuildFile; fileRef = E0E0ED84295801D300D15C4D /* VideoLessonsUITests.swift */; };
		E0E0ED87295801D300D15C4D /* VideoLessonsUITestsLaunchTests.swift in Sources */ = {isa = PBXBuildFile; fileRef = E0E0ED86295801D300D15C4D /* VideoLessonsUITestsLaunchTests.swift */; };
		E0E0ED952958031000D15C4D /* LessonsList.swift in Sources */ = {isa = PBXBuildFile; fileRef = E0E0ED942958031000D15C4D /* LessonsList.swift */; };
		E0E0ED972958033800D15C4D /* LessonsModel.swift in Sources */ = {isa = PBXBuildFile; fileRef = E0E0ED962958033800D15C4D /* LessonsModel.swift */; };
		E0E0ED992958068800D15C4D /* NetworkManager.swift in Sources */ = {isa = PBXBuildFile; fileRef = E0E0ED982958068800D15C4D /* NetworkManager.swift */; };
		E0E0ED9C2958078100D15C4D /* VLError.swift in Sources */ = {isa = PBXBuildFile; fileRef = E0E0ED9B2958078100D15C4D /* VLError.swift */; };
		E0E0ED9E29580E3900D15C4D /* LessonsListViewModel.swift in Sources */ = {isa = PBXBuildFile; fileRef = E0E0ED9D29580E3900D15C4D /* LessonsListViewModel.swift */; };
		E0E0EDA029580F5A00D15C4D /* Alert.swift in Sources */ = {isa = PBXBuildFile; fileRef = E0E0ED9F29580F5A00D15C4D /* Alert.swift */; };
/* End PBXBuildFile section */

/* Begin PBXContainerItemProxy section */
		E0E0ED77295801D300D15C4D /* PBXContainerItemProxy */ = {
			isa = PBXContainerItemProxy;
			containerPortal = E0E0ED5E295801D000D15C4D /* Project object */;
			proxyType = 1;
			remoteGlobalIDString = E0E0ED65295801D000D15C4D;
			remoteInfo = VideoLessons;
		};
		E0E0ED81295801D300D15C4D /* PBXContainerItemProxy */ = {
			isa = PBXContainerItemProxy;
			containerPortal = E0E0ED5E295801D000D15C4D /* Project object */;
			proxyType = 1;
			remoteGlobalIDString = E0E0ED65295801D000D15C4D;
			remoteInfo = VideoLessons;
		};
/* End PBXContainerItemProxy section */

/* Begin PBXFileReference section */
		E0DDE8ED29595C4D009C18AE /* Info.plist */ = {isa = PBXFileReference; lastKnownFileType = text.plist; path = Info.plist; sourceTree = "<group>"; };
		E0DDE8EF2959619D009C18AE /* LessonDetailVC.swift */ = {isa = PBXFileReference; lastKnownFileType = sourcecode.swift; path = LessonDetailVC.swift; sourceTree = "<group>"; };
		E0DDE8F1295961B0009C18AE /* LessonDetailView.swift */ = {isa = PBXFileReference; lastKnownFileType = sourcecode.swift; path = LessonDetailView.swift; sourceTree = "<group>"; };
		E0DDE8F429596429009C18AE /* UIAnchor+Ext.swift */ = {isa = PBXFileReference; lastKnownFileType = sourcecode.swift; path = "UIAnchor+Ext.swift"; sourceTree = "<group>"; };
		E0E0ED66295801D000D15C4D /* VideoLessons.app */ = {isa = PBXFileReference; explicitFileType = wrapper.application; includeInIndex = 0; path = VideoLessons.app; sourceTree = BUILT_PRODUCTS_DIR; };
		E0E0ED69295801D000D15C4D /* VideoLessonsApp.swift */ = {isa = PBXFileReference; lastKnownFileType = sourcecode.swift; path = VideoLessonsApp.swift; sourceTree = "<group>"; };
		E0E0ED6D295801D200D15C4D /* Assets.xcassets */ = {isa = PBXFileReference; lastKnownFileType = folder.assetcatalog; path = Assets.xcassets; sourceTree = "<group>"; };
		E0E0ED70295801D200D15C4D /* Preview Assets.xcassets */ = {isa = PBXFileReference; lastKnownFileType = folder.assetcatalog; path = "Preview Assets.xcassets"; sourceTree = "<group>"; };
		E0E0ED76295801D300D15C4D /* VideoLessonsTests.xctest */ = {isa = PBXFileReference; explicitFileType = wrapper.cfbundle; includeInIndex = 0; path = VideoLessonsTests.xctest; sourceTree = BUILT_PRODUCTS_DIR; };
		E0E0ED7A295801D300D15C4D /* VideoLessonsTests.swift */ = {isa = PBXFileReference; lastKnownFileType = sourcecode.swift; path = VideoLessonsTests.swift; sourceTree = "<group>"; };
		E0E0ED80295801D300D15C4D /* VideoLessonsUITests.xctest */ = {isa = PBXFileReference; explicitFileType = wrapper.cfbundle; includeInIndex = 0; path = VideoLessonsUITests.xctest; sourceTree = BUILT_PRODUCTS_DIR; };
		E0E0ED84295801D300D15C4D /* VideoLessonsUITests.swift */ = {isa = PBXFileReference; lastKnownFileType = sourcecode.swift; path = VideoLessonsUITests.swift; sourceTree = "<group>"; };
		E0E0ED86295801D300D15C4D /* VideoLessonsUITestsLaunchTests.swift */ = {isa = PBXFileReference; lastKnownFileType = sourcecode.swift; path = VideoLessonsUITestsLaunchTests.swift; sourceTree = "<group>"; };
		E0E0ED942958031000D15C4D /* LessonsList.swift */ = {isa = PBXFileReference; lastKnownFileType = sourcecode.swift; path = LessonsList.swift; sourceTree = "<group>"; };
		E0E0ED962958033800D15C4D /* LessonsModel.swift */ = {isa = PBXFileReference; lastKnownFileType = sourcecode.swift; path = LessonsModel.swift; sourceTree = "<group>"; };
		E0E0ED982958068800D15C4D /* NetworkManager.swift */ = {isa = PBXFileReference; lastKnownFileType = sourcecode.swift; path = NetworkManager.swift; sourceTree = "<group>"; };
		E0E0ED9B2958078100D15C4D /* VLError.swift */ = {isa = PBXFileReference; lastKnownFileType = sourcecode.swift; path = VLError.swift; sourceTree = "<group>"; };
		E0E0ED9D29580E3900D15C4D /* LessonsListViewModel.swift */ = {isa = PBXFileReference; lastKnownFileType = sourcecode.swift; path = LessonsListViewModel.swift; sourceTree = "<group>"; };
		E0E0ED9F29580F5A00D15C4D /* Alert.swift */ = {isa = PBXFileReference; lastKnownFileType = sourcecode.swift; path = Alert.swift; sourceTree = "<group>"; };
/* End PBXFileReference section */

/* Begin PBXFrameworksBuildPhase section */
		E0E0ED63295801D000D15C4D /* Frameworks */ = {
			isa = PBXFrameworksBuildPhase;
			buildActionMask = 2147483647;
			files = (
				E0DDE8F8295966DC009C18AE /* Kingfisher in Frameworks */,
			);
			runOnlyForDeploymentPostprocessing = 0;
		};
		E0E0ED73295801D300D15C4D /* Frameworks */ = {
			isa = PBXFrameworksBuildPhase;
			buildActionMask = 2147483647;
			files = (
			);
			runOnlyForDeploymentPostprocessing = 0;
		};
		E0E0ED7D295801D300D15C4D /* Frameworks */ = {
			isa = PBXFrameworksBuildPhase;
			buildActionMask = 2147483647;
			files = (
			);
			runOnlyForDeploymentPostprocessing = 0;
		};
/* End PBXFrameworksBuildPhase section */

/* Begin PBXGroup section */
		E0DDE8EE29596192009C18AE /* LessonDetail */ = {
			isa = PBXGroup;
			children = (
				E0DDE8EF2959619D009C18AE /* LessonDetailVC.swift */,
				E0DDE8F1295961B0009C18AE /* LessonDetailView.swift */,
			);
			path = LessonDetail;
			sourceTree = "<group>";
		};
		E0DDE8F32959641D009C18AE /* Utils */ = {
			isa = PBXGroup;
			children = (
				E0DDE8F429596429009C18AE /* UIAnchor+Ext.swift */,
			);
			path = Utils;
			sourceTree = "<group>";
		};
		E0E0ED5D295801D000D15C4D = {
			isa = PBXGroup;
			children = (
				E0E0ED68295801D000D15C4D /* VideoLessons */,
				E0E0ED79295801D300D15C4D /* VideoLessonsTests */,
				E0E0ED83295801D300D15C4D /* VideoLessonsUITests */,
				E0E0ED67295801D000D15C4D /* Products */,
			);
			sourceTree = "<group>";
		};
		E0E0ED67295801D000D15C4D /* Products */ = {
			isa = PBXGroup;
			children = (
				E0E0ED66295801D000D15C4D /* VideoLessons.app */,
				E0E0ED76295801D300D15C4D /* VideoLessonsTests.xctest */,
				E0E0ED80295801D300D15C4D /* VideoLessonsUITests.xctest */,
			);
			name = Products;
			sourceTree = "<group>";
		};
		E0E0ED68295801D000D15C4D /* VideoLessons */ = {
			isa = PBXGroup;
			children = (
				E0DDE8F32959641D009C18AE /* Utils */,
				E0E0ED932958030400D15C4D /* Lessons */,
				E0DDE8EE29596192009C18AE /* LessonDetail */,
				E0DDE8ED29595C4D009C18AE /* Info.plist */,
				E0E0ED9A2958076F00D15C4D /* Network */,
				E0E0ED69295801D000D15C4D /* VideoLessonsApp.swift */,
				E0E0ED6D295801D200D15C4D /* Assets.xcassets */,
				E0E0ED6F295801D200D15C4D /* Preview Content */,
				E0E0ED9F29580F5A00D15C4D /* Alert.swift */,
			);
			path = VideoLessons;
			sourceTree = "<group>";
		};
		E0E0ED6F295801D200D15C4D /* Preview Content */ = {
			isa = PBXGroup;
			children = (
				E0E0ED70295801D200D15C4D /* Preview Assets.xcassets */,
			);
			path = "Preview Content";
			sourceTree = "<group>";
		};
		E0E0ED79295801D300D15C4D /* VideoLessonsTests */ = {
			isa = PBXGroup;
			children = (
				E0E0ED7A295801D300D15C4D /* VideoLessonsTests.swift */,
			);
			path = VideoLessonsTests;
			sourceTree = "<group>";
		};
		E0E0ED83295801D300D15C4D /* VideoLessonsUITests */ = {
			isa = PBXGroup;
			children = (
				E0E0ED84295801D300D15C4D /* VideoLessonsUITests.swift */,
				E0E0ED86295801D300D15C4D /* VideoLessonsUITestsLaunchTests.swift */,
			);
			path = VideoLessonsUITests;
			sourceTree = "<group>";
		};
		E0E0ED932958030400D15C4D /* Lessons */ = {
			isa = PBXGroup;
			children = (
				E0E0ED942958031000D15C4D /* LessonsList.swift */,
				E0E0ED962958033800D15C4D /* LessonsModel.swift */,
				E0E0ED9D29580E3900D15C4D /* LessonsListViewModel.swift */,
			);
			path = Lessons;
			sourceTree = "<group>";
		};
		E0E0ED9A2958076F00D15C4D /* Network */ = {
			isa = PBXGroup;
			children = (
				E0E0ED982958068800D15C4D /* NetworkManager.swift */,
				E0E0ED9B2958078100D15C4D /* VLError.swift */,
			);
			path = Network;
			sourceTree = "<group>";
		};
/* End PBXGroup section */

/* Begin PBXNativeTarget section */
		E0E0ED65295801D000D15C4D /* VideoLessons */ = {
			isa = PBXNativeTarget;
			buildConfigurationList = E0E0ED8A295801D300D15C4D /* Build configuration list for PBXNativeTarget "VideoLessons" */;
			buildPhases = (
				E0E0ED62295801D000D15C4D /* Sources */,
				E0E0ED63295801D000D15C4D /* Frameworks */,
				E0E0ED64295801D000D15C4D /* Resources */,
			);
			buildRules = (
			);
			dependencies = (
			);
			name = VideoLessons;
			packageProductDependencies = (
				E0DDE8F7295966DC009C18AE /* Kingfisher */,
			);
			productName = VideoLessons;
			productReference = E0E0ED66295801D000D15C4D /* VideoLessons.app */;
			productType = "com.apple.product-type.application";
		};
		E0E0ED75295801D300D15C4D /* VideoLessonsTests */ = {
			isa = PBXNativeTarget;
			buildConfigurationList = E0E0ED8D295801D300D15C4D /* Build configuration list for PBXNativeTarget "VideoLessonsTests" */;
			buildPhases = (
				E0E0ED72295801D300D15C4D /* Sources */,
				E0E0ED73295801D300D15C4D /* Frameworks */,
				E0E0ED74295801D300D15C4D /* Resources */,
			);
			buildRules = (
			);
			dependencies = (
				E0E0ED78295801D300D15C4D /* PBXTargetDependency */,
			);
			name = VideoLessonsTests;
			productName = VideoLessonsTests;
			productReference = E0E0ED76295801D300D15C4D /* VideoLessonsTests.xctest */;
			productType = "com.apple.product-type.bundle.unit-test";
		};
		E0E0ED7F295801D300D15C4D /* VideoLessonsUITests */ = {
			isa = PBXNativeTarget;
			buildConfigurationList = E0E0ED90295801D300D15C4D /* Build configuration list for PBXNativeTarget "VideoLessonsUITests" */;
			buildPhases = (
				E0E0ED7C295801D300D15C4D /* Sources */,
				E0E0ED7D295801D300D15C4D /* Frameworks */,
				E0E0ED7E295801D300D15C4D /* Resources */,
			);
			buildRules = (
			);
			dependencies = (
				E0E0ED82295801D300D15C4D /* PBXTargetDependency */,
			);
			name = VideoLessonsUITests;
			productName = VideoLessonsUITests;
			productReference = E0E0ED80295801D300D15C4D /* VideoLessonsUITests.xctest */;
			productType = "com.apple.product-type.bundle.ui-testing";
		};
/* End PBXNativeTarget section */

/* Begin PBXProject section */
		E0E0ED5E295801D000D15C4D /* Project object */ = {
			isa = PBXProject;
			attributes = {
				BuildIndependentTargetsInParallel = 1;
				LastSwiftUpdateCheck = 1420;
				LastUpgradeCheck = 1420;
				TargetAttributes = {
					E0E0ED65295801D000D15C4D = {
						CreatedOnToolsVersion = 14.2;
					};
					E0E0ED75295801D300D15C4D = {
						CreatedOnToolsVersion = 14.2;
						TestTargetID = E0E0ED65295801D000D15C4D;
					};
					E0E0ED7F295801D300D15C4D = {
						CreatedOnToolsVersion = 14.2;
						TestTargetID = E0E0ED65295801D000D15C4D;
					};
				};
			};
			buildConfigurationList = E0E0ED61295801D000D15C4D /* Build configuration list for PBXProject "VideoLessons" */;
			compatibilityVersion = "Xcode 14.0";
			developmentRegion = en;
			hasScannedForEncodings = 0;
			knownRegions = (
				en,
				Base,
			);
			mainGroup = E0E0ED5D295801D000D15C4D;
			packageReferences = (
				E0DDE8F6295966DC009C18AE /* XCRemoteSwiftPackageReference "Kingfisher" */,
			);
			productRefGroup = E0E0ED67295801D000D15C4D /* Products */;
			projectDirPath = "";
			projectRoot = "";
			targets = (
				E0E0ED65295801D000D15C4D /* VideoLessons */,
				E0E0ED75295801D300D15C4D /* VideoLessonsTests */,
				E0E0ED7F295801D300D15C4D /* VideoLessonsUITests */,
			);
		};
/* End PBXProject section */

/* Begin PBXResourcesBuildPhase section */
		E0E0ED64295801D000D15C4D /* Resources */ = {
			isa = PBXResourcesBuildPhase;
			buildActionMask = 2147483647;
			files = (
				E0E0ED71295801D200D15C4D /* Preview Assets.xcassets in Resources */,
				E0E0ED6E295801D200D15C4D /* Assets.xcassets in Resources */,
			);
			runOnlyForDeploymentPostprocessing = 0;
		};
		E0E0ED74295801D300D15C4D /* Resources */ = {
			isa = PBXResourcesBuildPhase;
			buildActionMask = 2147483647;
			files = (
			);
			runOnlyForDeploymentPostprocessing = 0;
		};
		E0E0ED7E295801D300D15C4D /* Resources */ = {
			isa = PBXResourcesBuildPhase;
			buildActionMask = 2147483647;
			files = (
			);
			runOnlyForDeploymentPostprocessing = 0;
		};
/* End PBXResourcesBuildPhase section */

/* Begin PBXSourcesBuildPhase section */
		E0E0ED62295801D000D15C4D /* Sources */ = {
			isa = PBXSourcesBuildPhase;
			buildActionMask = 2147483647;
			files = (
				E0DDE8F2295961B0009C18AE /* LessonDetailView.swift in Sources */,
				E0E0ED992958068800D15C4D /* NetworkManager.swift in Sources */,
				E0E0ED972958033800D15C4D /* LessonsModel.swift in Sources */,
				E0E0ED9E29580E3900D15C4D /* LessonsListViewModel.swift in Sources */,
				E0E0ED6A295801D000D15C4D /* VideoLessonsApp.swift in Sources */,
				E0E0ED952958031000D15C4D /* LessonsList.swift in Sources */,
				E0E0ED9C2958078100D15C4D /* VLError.swift in Sources */,
				E0E0EDA029580F5A00D15C4D /* Alert.swift in Sources */,
				E0DDE8F529596429009C18AE /* UIAnchor+Ext.swift in Sources */,
				E0DDE8F02959619D009C18AE /* LessonDetailVC.swift in Sources */,
			);
			runOnlyForDeploymentPostprocessing = 0;
		};
		E0E0ED72295801D300D15C4D /* Sources */ = {
			isa = PBXSourcesBuildPhase;
			buildActionMask = 2147483647;
			files = (
				E0E0ED7B295801D300D15C4D /* VideoLessonsTests.swift in Sources */,
			);
			runOnlyForDeploymentPostprocessing = 0;
		};
		E0E0ED7C295801D300D15C4D /* Sources */ = {
			isa = PBXSourcesBuildPhase;
			buildActionMask = 2147483647;
			files = (
				E0E0ED87295801D300D15C4D /* VideoLessonsUITestsLaunchTests.swift in Sources */,
				E0E0ED85295801D300D15C4D /* VideoLessonsUITests.swift in Sources */,
			);
			runOnlyForDeploymentPostprocessing = 0;
		};
/* End PBXSourcesBuildPhase section */

/* Begin PBXTargetDependency section */
		E0E0ED78295801D300D15C4D /* PBXTargetDependency */ = {
			isa = PBXTargetDependency;
			target = E0E0ED65295801D000D15C4D /* VideoLessons */;
			targetProxy = E0E0ED77295801D300D15C4D /* PBXContainerItemProxy */;
		};
		E0E0ED82295801D300D15C4D /* PBXTargetDependency */ = {
			isa = PBXTargetDependency;
			target = E0E0ED65295801D000D15C4D /* VideoLessons */;
			targetProxy = E0E0ED81295801D300D15C4D /* PBXContainerItemProxy */;
		};
/* End PBXTargetDependency section */

/* Begin XCBuildConfiguration section */
		E0E0ED88295801D300D15C4D /* Debug */ = {
			isa = XCBuildConfiguration;
			buildSettings = {
				ALWAYS_SEARCH_USER_PATHS = NO;
				CLANG_ANALYZER_NONNULL = YES;
				CLANG_ANALYZER_NUMBER_OBJECT_CONVERSION = YES_AGGRESSIVE;
				CLANG_CXX_LANGUAGE_STANDARD = "gnu++20";
				CLANG_ENABLE_MODULES = YES;
				CLANG_ENABLE_OBJC_ARC = YES;
				CLANG_ENABLE_OBJC_WEAK = YES;
				CLANG_WARN_BLOCK_CAPTURE_AUTORELEASING = YES;
				CLANG_WARN_BOOL_CONVERSION = YES;
				CLANG_WARN_COMMA = YES;
				CLANG_WARN_CONSTANT_CONVERSION = YES;
				CLANG_WARN_DEPRECATED_OBJC_IMPLEMENTATIONS = YES;
				CLANG_WARN_DIRECT_OBJC_ISA_USAGE = YES_ERROR;
				CLANG_WARN_DOCUMENTATION_COMMENTS = YES;
				CLANG_WARN_EMPTY_BODY = YES;
				CLANG_WARN_ENUM_CONVERSION = YES;
				CLANG_WARN_INFINITE_RECURSION = YES;
				CLANG_WARN_INT_CONVERSION = YES;
				CLANG_WARN_NON_LITERAL_NULL_CONVERSION = YES;
				CLANG_WARN_OBJC_IMPLICIT_RETAIN_SELF = YES;
				CLANG_WARN_OBJC_LITERAL_CONVERSION = YES;
				CLANG_WARN_OBJC_ROOT_CLASS = YES_ERROR;
				CLANG_WARN_QUOTED_INCLUDE_IN_FRAMEWORK_HEADER = YES;
				CLANG_WARN_RANGE_LOOP_ANALYSIS = YES;
				CLANG_WARN_STRICT_PROTOTYPES = YES;
				CLANG_WARN_SUSPICIOUS_MOVE = YES;
				CLANG_WARN_UNGUARDED_AVAILABILITY = YES_AGGRESSIVE;
				CLANG_WARN_UNREACHABLE_CODE = YES;
				CLANG_WARN__DUPLICATE_METHOD_MATCH = YES;
				COPY_PHASE_STRIP = NO;
				DEBUG_INFORMATION_FORMAT = dwarf;
				ENABLE_STRICT_OBJC_MSGSEND = YES;
				ENABLE_TESTABILITY = YES;
				GCC_C_LANGUAGE_STANDARD = gnu11;
				GCC_DYNAMIC_NO_PIC = NO;
				GCC_NO_COMMON_BLOCKS = YES;
				GCC_OPTIMIZATION_LEVEL = 0;
				GCC_PREPROCESSOR_DEFINITIONS = (
					"DEBUG=1",
					"$(inherited)",
				);
				GCC_WARN_64_TO_32_BIT_CONVERSION = YES;
				GCC_WARN_ABOUT_RETURN_TYPE = YES_ERROR;
				GCC_WARN_UNDECLARED_SELECTOR = YES;
				GCC_WARN_UNINITIALIZED_AUTOS = YES_AGGRESSIVE;
				GCC_WARN_UNUSED_FUNCTION = YES;
				GCC_WARN_UNUSED_VARIABLE = YES;
				IPHONEOS_DEPLOYMENT_TARGET = 16.0;
				MTL_ENABLE_DEBUG_INFO = INCLUDE_SOURCE;
				MTL_FAST_MATH = YES;
				ONLY_ACTIVE_ARCH = YES;
				SDKROOT = iphoneos;
				SWIFT_ACTIVE_COMPILATION_CONDITIONS = DEBUG;
				SWIFT_OPTIMIZATION_LEVEL = "-Onone";
			};
			name = Debug;
		};
		E0E0ED89295801D300D15C4D /* Release */ = {
			isa = XCBuildConfiguration;
			buildSettings = {
				ALWAYS_SEARCH_USER_PATHS = NO;
				CLANG_ANALYZER_NONNULL = YES;
				CLANG_ANALYZER_NUMBER_OBJECT_CONVERSION = YES_AGGRESSIVE;
				CLANG_CXX_LANGUAGE_STANDARD = "gnu++20";
				CLANG_ENABLE_MODULES = YES;
				CLANG_ENABLE_OBJC_ARC = YES;
				CLANG_ENABLE_OBJC_WEAK = YES;
				CLANG_WARN_BLOCK_CAPTURE_AUTORELEASING = YES;
				CLANG_WARN_BOOL_CONVERSION = YES;
				CLANG_WARN_COMMA = YES;
				CLANG_WARN_CONSTANT_CONVERSION = YES;
				CLANG_WARN_DEPRECATED_OBJC_IMPLEMENTATIONS = YES;
				CLANG_WARN_DIRECT_OBJC_ISA_USAGE = YES_ERROR;
				CLANG_WARN_DOCUMENTATION_COMMENTS = YES;
				CLANG_WARN_EMPTY_BODY = YES;
				CLANG_WARN_ENUM_CONVERSION = YES;
				CLANG_WARN_INFINITE_RECURSION = YES;
				CLANG_WARN_INT_CONVERSION = YES;
				CLANG_WARN_NON_LITERAL_NULL_CONVERSION = YES;
				CLANG_WARN_OBJC_IMPLICIT_RETAIN_SELF = YES;
				CLANG_WARN_OBJC_LITERAL_CONVERSION = YES;
				CLANG_WARN_OBJC_ROOT_CLASS = YES_ERROR;
				CLANG_WARN_QUOTED_INCLUDE_IN_FRAMEWORK_HEADER = YES;
				CLANG_WARN_RANGE_LOOP_ANALYSIS = YES;
				CLANG_WARN_STRICT_PROTOTYPES = YES;
				CLANG_WARN_SUSPICIOUS_MOVE = YES;
				CLANG_WARN_UNGUARDED_AVAILABILITY = YES_AGGRESSIVE;
				CLANG_WARN_UNREACHABLE_CODE = YES;
				CLANG_WARN__DUPLICATE_METHOD_MATCH = YES;
				COPY_PHASE_STRIP = NO;
				DEBUG_INFORMATION_FORMAT = "dwarf-with-dsym";
				ENABLE_NS_ASSERTIONS = NO;
				ENABLE_STRICT_OBJC_MSGSEND = YES;
				GCC_C_LANGUAGE_STANDARD = gnu11;
				GCC_NO_COMMON_BLOCKS = YES;
				GCC_WARN_64_TO_32_BIT_CONVERSION = YES;
				GCC_WARN_ABOUT_RETURN_TYPE = YES_ERROR;
				GCC_WARN_UNDECLARED_SELECTOR = YES;
				GCC_WARN_UNINITIALIZED_AUTOS = YES_AGGRESSIVE;
				GCC_WARN_UNUSED_FUNCTION = YES;
				GCC_WARN_UNUSED_VARIABLE = YES;
				IPHONEOS_DEPLOYMENT_TARGET = 16.0;
				MTL_ENABLE_DEBUG_INFO = NO;
				MTL_FAST_MATH = YES;
				SDKROOT = iphoneos;
				SWIFT_COMPILATION_MODE = wholemodule;
				SWIFT_OPTIMIZATION_LEVEL = "-O";
				VALIDATE_PRODUCT = YES;
			};
			name = Release;
		};
		E0E0ED8B295801D300D15C4D /* Debug */ = {
			isa = XCBuildConfiguration;
			buildSettings = {
				ASSETCATALOG_COMPILER_APPICON_NAME = AppIcon;
				ASSETCATALOG_COMPILER_GLOBAL_ACCENT_COLOR_NAME = AccentColor;
				CODE_SIGN_STYLE = Automatic;
				CURRENT_PROJECT_VERSION = 1;
				DEVELOPMENT_ASSET_PATHS = "\"VideoLessons/Preview Content\"";
				DEVELOPMENT_TEAM = 2LVA8QJKSB;
				ENABLE_PREVIEWS = YES;
				GENERATE_INFOPLIST_FILE = YES;
				INFOPLIST_FILE = VideoLessons/Info.plist;
				INFOPLIST_KEY_UIApplicationSceneManifest_Generation = YES;
				INFOPLIST_KEY_UIApplicationSupportsIndirectInputEvents = YES;
				INFOPLIST_KEY_UILaunchScreen_Generation = YES;
				INFOPLIST_KEY_UISupportedInterfaceOrientations = UIInterfaceOrientationPortrait;
				INFOPLIST_KEY_UIUserInterfaceStyle = Dark;
				LD_RUNPATH_SEARCH_PATHS = (
					"$(inherited)",
					"@executable_path/Frameworks",
				);
				MARKETING_VERSION = 1.0;
				PRODUCT_BUNDLE_IDENTIFIER = com.sujal.videolessons.VideoLessons;
				PRODUCT_NAME = "$(TARGET_NAME)";
				SWIFT_EMIT_LOC_STRINGS = YES;
				SWIFT_VERSION = 5.0;
				TARGETED_DEVICE_FAMILY = "1,2";
			};
			name = Debug;
		};
		E0E0ED8C295801D300D15C4D /* Release */ = {
			isa = XCBuildConfiguration;
			buildSettings = {
				ASSETCATALOG_COMPILER_APPICON_NAME = AppIcon;
				ASSETCATALOG_COMPILER_GLOBAL_ACCENT_COLOR_NAME = AccentColor;
				CODE_SIGN_STYLE = Automatic;
				CURRENT_PROJECT_VERSION = 1;
				DEVELOPMENT_ASSET_PATHS = "\"VideoLessons/Preview Content\"";
				DEVELOPMENT_TEAM = 2LVA8QJKSB;
				ENABLE_PREVIEWS = YES;
				GENERATE_INFOPLIST_FILE = YES;
				INFOPLIST_FILE = VideoLessons/Info.plist;
				INFOPLIST_KEY_UIApplicationSceneManifest_Generation = YES;
				INFOPLIST_KEY_UIApplicationSupportsIndirectInputEvents = YES;
				INFOPLIST_KEY_UILaunchScreen_Generation = YES;
				INFOPLIST_KEY_UISupportedInterfaceOrientations = UIInterfaceOrientationPortrait;
				INFOPLIST_KEY_UIUserInterfaceStyle = Dark;
				LD_RUNPATH_SEARCH_PATHS = (
					"$(inherited)",
					"@executable_path/Frameworks",
				);
				MARKETING_VERSION = 1.0;
				PRODUCT_BUNDLE_IDENTIFIER = com.sujal.videolessons.VideoLessons;
				PRODUCT_NAME = "$(TARGET_NAME)";
				SWIFT_EMIT_LOC_STRINGS = YES;
				SWIFT_VERSION = 5.0;
				TARGETED_DEVICE_FAMILY = "1,2";
			};
			name = Release;
		};
		E0E0ED8E295801D300D15C4D /* Debug */ = {
			isa = XCBuildConfiguration;
			buildSettings = {
				ALWAYS_EMBED_SWIFT_STANDARD_LIBRARIES = YES;
				BUNDLE_LOADER = "$(TEST_HOST)";
				CODE_SIGN_STYLE = Automatic;
				CURRENT_PROJECT_VERSION = 1;
				DEVELOPMENT_TEAM = 2LVA8QJKSB;
				GENERATE_INFOPLIST_FILE = YES;
				IPHONEOS_DEPLOYMENT_TARGET = 16.2;
				MARKETING_VERSION = 1.0;
				PRODUCT_BUNDLE_IDENTIFIER = com.sujal.videolessons.VideoLessonsTests;
				PRODUCT_NAME = "$(TARGET_NAME)";
				SWIFT_EMIT_LOC_STRINGS = NO;
				SWIFT_VERSION = 5.0;
				TARGETED_DEVICE_FAMILY = "1,2";
				TEST_HOST = "$(BUILT_PRODUCTS_DIR)/VideoLessons.app/$(BUNDLE_EXECUTABLE_FOLDER_PATH)/VideoLessons";
			};
			name = Debug;
		};
		E0E0ED8F295801D300D15C4D /* Release */ = {
			isa = XCBuildConfiguration;
			buildSettings = {
				ALWAYS_EMBED_SWIFT_STANDARD_LIBRARIES = YES;
				BUNDLE_LOADER = "$(TEST_HOST)";
				CODE_SIGN_STYLE = Automatic;
				CURRENT_PROJECT_VERSION = 1;
				DEVELOPMENT_TEAM = 2LVA8QJKSB;
				GENERATE_INFOPLIST_FILE = YES;
				IPHONEOS_DEPLOYMENT_TARGET = 16.2;
				MARKETING_VERSION = 1.0;
				PRODUCT_BUNDLE_IDENTIFIER = com.sujal.videolessons.VideoLessonsTests;
				PRODUCT_NAME = "$(TARGET_NAME)";
				SWIFT_EMIT_LOC_STRINGS = NO;
				SWIFT_VERSION = 5.0;
				TARGETED_DEVICE_FAMILY = "1,2";
				TEST_HOST = "$(BUILT_PRODUCTS_DIR)/VideoLessons.app/$(BUNDLE_EXECUTABLE_FOLDER_PATH)/VideoLessons";
			};
			name = Release;
		};
		E0E0ED91295801D300D15C4D /* Debug */ = {
			isa = XCBuildConfiguration;
			buildSettings = {
				ALWAYS_EMBED_SWIFT_STANDARD_LIBRARIES = YES;
				CODE_SIGN_STYLE = Automatic;
				CURRENT_PROJECT_VERSION = 1;
				DEVELOPMENT_TEAM = 2LVA8QJKSB;
				GENERATE_INFOPLIST_FILE = YES;
				MARKETING_VERSION = 1.0;
				PRODUCT_BUNDLE_IDENTIFIER = com.sujal.videolessons.VideoLessonsUITests;
				PRODUCT_NAME = "$(TARGET_NAME)";
				SWIFT_EMIT_LOC_STRINGS = NO;
				SWIFT_VERSION = 5.0;
				TARGETED_DEVICE_FAMILY = "1,2";
				TEST_TARGET_NAME = VideoLessons;
			};
			name = Debug;
		};
		E0E0ED92295801D300D15C4D /* Release */ = {
			isa = XCBuildConfiguration;
			buildSettings = {
				ALWAYS_EMBED_SWIFT_STANDARD_LIBRARIES = YES;
				CODE_SIGN_STYLE = Automatic;
				CURRENT_PROJECT_VERSION = 1;
				DEVELOPMENT_TEAM = 2LVA8QJKSB;
				GENERATE_INFOPLIST_FILE = YES;
				MARKETING_VERSION = 1.0;
				PRODUCT_BUNDLE_IDENTIFIER = com.sujal.videolessons.VideoLessonsUITests;
				PRODUCT_NAME = "$(TARGET_NAME)";
				SWIFT_EMIT_LOC_STRINGS = NO;
				SWIFT_VERSION = 5.0;
				TARGETED_DEVICE_FAMILY = "1,2";
				TEST_TARGET_NAME = VideoLessons;
			};
			name = Release;
		};
/* End XCBuildConfiguration section */

/* Begin XCConfigurationList section */
		E0E0ED61295801D000D15C4D /* Build configuration list for PBXProject "VideoLessons" */ = {
			isa = XCConfigurationList;
			buildConfigurations = (
				E0E0ED88295801D300D15C4D /* Debug */,
				E0E0ED89295801D300D15C4D /* Release */,
			);
			defaultConfigurationIsVisible = 0;
			defaultConfigurationName = Release;
		};
		E0E0ED8A295801D300D15C4D /* Build configuration list for PBXNativeTarget "VideoLessons" */ = {
			isa = XCConfigurationList;
			buildConfigurations = (
				E0E0ED8B295801D300D15C4D /* Debug */,
				E0E0ED8C295801D300D15C4D /* Release */,
			);
			defaultConfigurationIsVisible = 0;
			defaultConfigurationName = Release;
		};
		E0E0ED8D295801D300D15C4D /* Build configuration list for PBXNativeTarget "VideoLessonsTests" */ = {
			isa = XCConfigurationList;
			buildConfigurations = (
				E0E0ED8E295801D300D15C4D /* Debug */,
				E0E0ED8F295801D300D15C4D /* Release */,
			);
			defaultConfigurationIsVisible = 0;
			defaultConfigurationName = Release;
		};
		E0E0ED90295801D300D15C4D /* Build configuration list for PBXNativeTarget "VideoLessonsUITests" */ = {
			isa = XCConfigurationList;
			buildConfigurations = (
				E0E0ED91295801D300D15C4D /* Debug */,
				E0E0ED92295801D300D15C4D /* Release */,
			);
			defaultConfigurationIsVisible = 0;
			defaultConfigurationName = Release;
		};
/* End XCConfigurationList section */

/* Begin XCRemoteSwiftPackageReference section */
		E0DDE8F6295966DC009C18AE /* XCRemoteSwiftPackageReference "Kingfisher" */ = {
			isa = XCRemoteSwiftPackageReference;
			repositoryURL = "https://github.com/onevcat/Kingfisher.git";
			requirement = {
				branch = master;
				kind = branch;
			};
		};
/* End XCRemoteSwiftPackageReference section */

/* Begin XCSwiftPackageProductDependency section */
		E0DDE8F7295966DC009C18AE /* Kingfisher */ = {
			isa = XCSwiftPackageProductDependency;
			package = E0DDE8F6295966DC009C18AE /* XCRemoteSwiftPackageReference "Kingfisher" */;
			productName = Kingfisher;
		};
/* End XCSwiftPackageProductDependency section */
	};
	rootObject = E0E0ED5E295801D000D15C4D /* Project object */;
}
